
Microsoft Visual Studio Solution File, Format Version 12.00
# Visual Studio 15
VisualStudioVersion = 15.0.28307.438
MinimumVisualStudioVersion = 10.0.40219.1
Project("{9A19103F-16F7-4668-BE54-9A1E7A4F7556}") = "ShowBookingSystem", "ShowBookingSystem.csproj", "{B39496E8-A9A0-4A24-B41D-46EA2AEB8409}"
EndProject
Global
	GlobalSection(SolutionConfigurationPlatforms) = preSolution
		Debug|Any CPU = Debug|Any CPU
		Release|Any CPU = Release|Any CPU
	EndGlobalSection
	GlobalSection(ProjectConfigurationPlatforms) = postSolution
		{B39496E8-A9A0-4A24-B41D-46EA2AEB8409}.Debug|Any CPU.ActiveCfg = Debug|Any CPU
		{B39496E8-A9A0-4A24-B41D-46EA2AEB8409}.Debug|Any CPU.Build.0 = Debug|Any CPU
		{B39496E8-A9A0-4A24-B41D-46EA2AEB8409}.Release|Any CPU.ActiveCfg = Release|Any CPU
		{B39496E8-A9A0-4A24-B41D-46EA2AEB8409}.Release|Any CPU.Build.0 = Release|Any CPU
	EndGlobalSection
	GlobalSection(SolutionProperties) = preSolution
		HideSolutionNode = FALSE
	EndGlobalSection
	GlobalSection(ExtensibilityGlobals) = postSolution
		SolutionGuid = {0AB0C23D-028B-46EC-AE44-A70D4FBC49A5}
	EndGlobalSection
EndGlobal
